
Microsoft Visual Studio Solution File, Format Version 12.00
# Visual Studio Version 17
VisualStudioVersion = 17.10.35013.160
MinimumVisualStudioVersion = 10.0.40219.1
Project("{FAE04EC0-301F-11D3-BF4B-00C04F79EFBC}") = "acutalgame", "acutalgame\acutalgame.csproj", "{96EC1DA1-5B29-4056-B8A5-68F33A56CA66}"
EndProject
Global
	GlobalSection(SolutionConfigurationPlatforms) = preSolution
		Debug|Any CPU = Debug|Any CPU
		Release|Any CPU = Release|Any CPU
	EndGlobalSection
	GlobalSection(ProjectConfigurationPlatforms) = postSolution
		{96EC1DA1-5B29-4056-B8A5-68F33A56CA66}.Debug|Any CPU.ActiveCfg = Debug|Any CPU
		{96EC1DA1-5B29-4056-B8A5-68F33A56CA66}.Debug|Any CPU.Build.0 = Debug|Any CPU
		{96EC1DA1-5B29-4056-B8A5-68F33A56CA66}.Release|Any CPU.ActiveCfg = Release|Any CPU
		{96EC1DA1-5B29-4056-B8A5-68F33A56CA66}.Release|Any CPU.Build.0 = Release|Any CPU
	EndGlobalSection
	GlobalSection(SolutionProperties) = preSolution
		HideSolutionNode = FALSE
	EndGlobalSection
	GlobalSection(ExtensibilityGlobals) = postSolution
		SolutionGuid = {BE2DE172-F403-4EC8-915C-79F06EDA7D10}
	EndGlobalSection
EndGlobal
